
Microsoft Visual Studio Solution File, Format Version 12.00
# Visual Studio 15
VisualStudioVersion = 15.0.27703.2035
MinimumVisualStudioVersion = 10.0.40219.1
Project("{FAE04EC0-301F-11D3-BF4B-00C04F79EFBC}") = "l1", "l1\l1.csproj", "{E97339D2-7790-4849-99A4-652868E20662}"
EndProject
Global
	GlobalSection(SolutionConfigurationPlatforms) = preSolution
		Debug|Any CPU = Debug|Any CPU
		Release|Any CPU = Release|Any CPU
	EndGlobalSection
	GlobalSection(ProjectConfigurationPlatforms) = postSolution
		{E97339D2-7790-4849-99A4-652868E20662}.Debug|Any CPU.ActiveCfg = Debug|Any CPU
		{E97339D2-7790-4849-99A4-652868E20662}.Debug|Any CPU.Build.0 = Debug|Any CPU
		{E97339D2-7790-4849-99A4-652868E20662}.Release|Any CPU.ActiveCfg = Release|Any CPU
		{E97339D2-7790-4849-99A4-652868E20662}.Release|Any CPU.Build.0 = Release|Any CPU
	EndGlobalSection
	GlobalSection(SolutionProperties) = preSolution
		HideSolutionNode = FALSE
	EndGlobalSection
	GlobalSection(ExtensibilityGlobals) = postSolution
		SolutionGuid = {8C6E504D-FB73-4EFF-B34F-4CD0668DB749}
	EndGlobalSection
EndGlobal
